
Microsoft Visual Studio Solution File, Format Version 12.00
# Visual Studio 15
VisualStudioVersion = 15.0.27130.2003
MinimumVisualStudioVersion = 10.0.40219.1
Project("{FAE04EC0-301F-11D3-BF4B-00C04F79EFBC}") = "KarlYabut_mobiletest.Android", "KarlYabut_mobiletest\KarlYabut_mobiletest.Android\KarlYabut_mobiletest.Android.csproj", "{906E2B1B-385D-41B1-8217-0834CE9C52AA}"
EndProject
Project("{FAE04EC0-301F-11D3-BF4B-00C04F79EFBC}") = "KarlYabut_mobiletest.iOS", "KarlYabut_mobiletest\KarlYabut_mobiletest.iOS\KarlYabut_mobiletest.iOS.csproj", "{EA744F6A-D6E8-40FB-8286-A5C47E9A14A2}"
EndProject
Project("{FAE04EC0-301F-11D3-BF4B-00C04F79EFBC}") = "KarlYabut_mobiletest", "KarlYabut_mobiletest\KarlYabut_mobiletest\KarlYabut_mobiletest.csproj", "{61DFC768-70ED-45D5-B7F7-31BA8A2F388B}"
EndProject
Global
	GlobalSection(SolutionConfigurationPlatforms) = preSolution
		Ad-Hoc|Any CPU = Ad-Hoc|Any CPU
		Ad-Hoc|iPhone = Ad-Hoc|iPhone
		Ad-Hoc|iPhoneSimulator = Ad-Hoc|iPhoneSimulator
		AppStore|Any CPU = AppStore|Any CPU
		AppStore|iPhone = AppStore|iPhone
		AppStore|iPhoneSimulator = AppStore|iPhoneSimulator
		Debug|Any CPU = Debug|Any CPU
		Debug|iPhone = Debug|iPhone
		Debug|iPhoneSimulator = Debug|iPhoneSimulator
		Release|Any CPU = Release|Any CPU
		Release|iPhone = Release|iPhone
		Release|iPhoneSimulator = Release|iPhoneSimulator
	EndGlobalSection
	GlobalSection(ProjectConfigurationPlatforms) = postSolution
		{906E2B1B-385D-41B1-8217-0834CE9C52AA}.Ad-Hoc|Any CPU.ActiveCfg = Release|Any CPU
		{906E2B1B-385D-41B1-8217-0834CE9C52AA}.Ad-Hoc|Any CPU.Build.0 = Release|Any CPU
		{906E2B1B-385D-41B1-8217-0834CE9C52AA}.Ad-Hoc|Any CPU.Deploy.0 = Release|Any CPU
		{906E2B1B-385D-41B1-8217-0834CE9C52AA}.Ad-Hoc|iPhone.ActiveCfg = Release|Any CPU
		{906E2B1B-385D-41B1-8217-0834CE9C52AA}.Ad-Hoc|iPhone.Build.0 = Release|Any CPU
		{906E2B1B-385D-41B1-8217-0834CE9C52AA}.Ad-Hoc|iPhone.Deploy.0 = Release|Any CPU
		{906E2B1B-385D-41B1-8217-0834CE9C52AA}.Ad-Hoc|iPhoneSimulator.ActiveCfg = Release|Any CPU
		{906E2B1B-385D-41B1-8217-0834CE9C52AA}.Ad-Hoc|iPhoneSimulator.Build.0 = Release|Any CPU
		{906E2B1B-385D-41B1-8217-0834CE9C52AA}.Ad-Hoc|iPhoneSimulator.Deploy.0 = Release|Any CPU
		{906E2B1B-385D-41B1-8217-0834CE9C52AA}.AppStore|Any CPU.ActiveCfg = Release|Any CPU
		{906E2B1B-385D-41B1-8217-0834CE9C52AA}.AppStore|Any CPU.Build.0 = Release|Any CPU
		{906E2B1B-385D-41B1-8217-0834CE9C52AA}.AppStore|Any CPU.Deploy.0 = Release|Any CPU
		{906E2B1B-385D-41B1-8217-0834CE9C52AA}.AppStore|iPhone.ActiveCfg = Release|Any CPU
		{906E2B1B-385D-41B1-8217-0834CE9C52AA}.AppStore|iPhone.Build.0 = Release|Any CPU
		{906E2B1B-385D-41B1-8217-0834CE9C52AA}.AppStore|iPhone.Deploy.0 = Release|Any CPU
		{906E2B1B-385D-41B1-8217-0834CE9C52AA}.AppStore|iPhoneSimulator.ActiveCfg = Release|Any CPU
		{906E2B1B-385D-41B1-8217-0834CE9C52AA}.AppStore|iPhoneSimulator.Build.0 = Release|Any CPU
		{906E2B1B-385D-41B1-8217-0834CE9C52AA}.AppStore|iPhoneSimulator.Deploy.0 = Release|Any CPU
		{906E2B1B-385D-41B1-8217-0834CE9C52AA}.Debug|Any CPU.ActiveCfg = Debug|Any CPU
		{906E2B1B-385D-41B1-8217-0834CE9C52AA}.Debug|Any CPU.Build.0 = Debug|Any CPU
		{906E2B1B-385D-41B1-8217-0834CE9C52AA}.Debug|Any CPU.Deploy.0 = Debug|Any CPU
		{906E2B1B-385D-41B1-8217-0834CE9C52AA}.Debug|iPhone.ActiveCfg = Debug|Any CPU
		{906E2B1B-385D-41B1-8217-0834CE9C52AA}.Debug|iPhone.Build.0 = Debug|Any CPU
		{906E2B1B-385D-41B1-8217-0834CE9C52AA}.Debug|iPhone.Deploy.0 = Debug|Any CPU
		{906E2B1B-385D-41B1-8217-0834CE9C52AA}.Debug|iPhoneSimulator.ActiveCfg = Debug|Any CPU
		{906E2B1B-385D-41B1-8217-0834CE9C52AA}.Debug|iPhoneSimulator.Build.0 = Debug|Any CPU
		{906E2B1B-385D-41B1-8217-0834CE9C52AA}.Debug|iPhoneSimulator.Deploy.0 = Debug|Any CPU
		{906E2B1B-385D-41B1-8217-0834CE9C52AA}.Release|Any CPU.ActiveCfg = Release|Any CPU
		{906E2B1B-385D-41B1-8217-0834CE9C52AA}.Release|Any CPU.Build.0 = Release|Any CPU
		{906E2B1B-385D-41B1-8217-0834CE9C52AA}.Release|Any CPU.Deploy.0 = Release|Any CPU
		{906E2B1B-385D-41B1-8217-0834CE9C52AA}.Release|iPhone.ActiveCfg = Release|Any CPU
		{906E2B1B-385D-41B1-8217-0834CE9C52AA}.Release|iPhone.Build.0 = Release|Any CPU
		{906E2B1B-385D-41B1-8217-0834CE9C52AA}.Release|iPhone.Deploy.0 = Release|Any CPU
		{906E2B1B-385D-41B1-8217-0834CE9C52AA}.Release|iPhoneSimulator.ActiveCfg = Release|Any CPU
		{906E2B1B-385D-41B1-8217-0834CE9C52AA}.Release|iPhoneSimulator.Build.0 = Release|Any CPU
		{906E2B1B-385D-41B1-8217-0834CE9C52AA}.Release|iPhoneSimulator.Deploy.0 = Release|Any CPU
		{EA744F6A-D6E8-40FB-8286-A5C47E9A14A2}.Ad-Hoc|Any CPU.ActiveCfg = Ad-Hoc|iPhone
		{EA744F6A-D6E8-40FB-8286-A5C47E9A14A2}.Ad-Hoc|iPhone.ActiveCfg = Ad-Hoc|iPhone
		{EA744F6A-D6E8-40FB-8286-A5C47E9A14A2}.Ad-Hoc|iPhone.Build.0 = Ad-Hoc|iPhone
		{EA744F6A-D6E8-40FB-8286-A5C47E9A14A2}.Ad-Hoc|iPhoneSimulator.ActiveCfg = Ad-Hoc|iPhoneSimulator
		{EA744F6A-D6E8-40FB-8286-A5C47E9A14A2}.Ad-Hoc|iPhoneSimulator.Build.0 = Ad-Hoc|iPhoneSimulator
		{EA744F6A-D6E8-40FB-8286-A5C47E9A14A2}.AppStore|Any CPU.ActiveCfg = AppStore|iPhone
		{EA744F6A-D6E8-40FB-8286-A5C47E9A14A2}.AppStore|iPhone.ActiveCfg = AppStore|iPhone
		{EA744F6A-D6E8-40FB-8286-A5C47E9A14A2}.AppStore|iPhone.Build.0 = AppStore|iPhone
		{EA744F6A-D6E8-40FB-8286-A5C47E9A14A2}.AppStore|iPhoneSimulator.ActiveCfg = AppStore|iPhoneSimulator
		{EA744F6A-D6E8-40FB-8286-A5C47E9A14A2}.AppStore|iPhoneSimulator.Build.0 = AppStore|iPhoneSimulator
		{EA744F6A-D6E8-40FB-8286-A5C47E9A14A2}.Debug|Any CPU.ActiveCfg = Debug|iPhone
		{EA744F6A-D6E8-40FB-8286-A5C47E9A14A2}.Debug|iPhone.ActiveCfg = Debug|iPhone
		{EA744F6A-D6E8-40FB-8286-A5C47E9A14A2}.Debug|iPhone.Build.0 = Debug|iPhone
		{EA744F6A-D6E8-40FB-8286-A5C47E9A14A2}.Debug|iPhoneSimulator.ActiveCfg = Debug|iPhoneSimulator
		{EA744F6A-D6E8-40FB-8286-A5C47E9A14A2}.Debug|iPhoneSimulator.Build.0 = Debug|iPhoneSimulator
		{EA744F6A-D6E8-40FB-8286-A5C47E9A14A2}.Release|Any CPU.ActiveCfg = Release|iPhone
		{EA744F6A-D6E8-40FB-8286-A5C47E9A14A2}.Release|iPhone.ActiveCfg = Release|iPhone
		{EA744F6A-D6E8-40FB-8286-A5C47E9A14A2}.Release|iPhone.Build.0 = Release|iPhone
		{EA744F6A-D6E8-40FB-8286-A5C47E9A14A2}.Release|iPhoneSimulator.ActiveCfg = Release|iPhoneSimulator
		{EA744F6A-D6E8-40FB-8286-A5C47E9A14A2}.Release|iPhoneSimulator.Build.0 = Release|iPhoneSimulator
		{61DFC768-70ED-45D5-B7F7-31BA8A2F388B}.Ad-Hoc|Any CPU.ActiveCfg = Debug|Any CPU
		{61DFC768-70ED-45D5-B7F7-31BA8A2F388B}.Ad-Hoc|Any CPU.Build.0 = Debug|Any CPU
		{61DFC768-70ED-45D5-B7F7-31BA8A2F388B}.Ad-Hoc|iPhone.ActiveCfg = Debug|Any CPU
		{61DFC768-70ED-45D5-B7F7-31BA8A2F388B}.Ad-Hoc|iPhone.Build.0 = Debug|Any CPU
		{61DFC768-70ED-45D5-B7F7-31BA8A2F388B}.Ad-Hoc|iPhoneSimulator.ActiveCfg = Debug|Any CPU
		{61DFC768-70ED-45D5-B7F7-31BA8A2F388B}.Ad-Hoc|iPhoneSimulator.Build.0 = Debug|Any CPU
		{61DFC768-70ED-45D5-B7F7-31BA8A2F388B}.AppStore|Any CPU.ActiveCfg = Debug|Any CPU
		{61DFC768-70ED-45D5-B7F7-31BA8A2F388B}.AppStore|Any CPU.Build.0 = Debug|Any CPU
		{61DFC768-70ED-45D5-B7F7-31BA8A2F388B}.AppStore|iPhone.ActiveCfg = Debug|Any CPU
		{61DFC768-70ED-45D5-B7F7-31BA8A2F388B}.AppStore|iPhone.Build.0 = Debug|Any CPU
		{61DFC768-70ED-45D5-B7F7-31BA8A2F388B}.AppStore|iPhoneSimulator.ActiveCfg = Debug|Any CPU
		{61DFC768-70ED-45D5-B7F7-31BA8A2F388B}.AppStore|iPhoneSimulator.Build.0 = Debug|Any CPU
		{61DFC768-70ED-45D5-B7F7-31BA8A2F388B}.Debug|Any CPU.ActiveCfg = Debug|Any CPU
		{61DFC768-70ED-45D5-B7F7-31BA8A2F388B}.Debug|Any CPU.Build.0 = Debug|Any CPU
		{61DFC768-70ED-45D5-B7F7-31BA8A2F388B}.Debug|iPhone.ActiveCfg = Debug|Any CPU
		{61DFC768-70ED-45D5-B7F7-31BA8A2F388B}.Debug|iPhone.Build.0 = Debug|Any CPU
		{61DFC768-70ED-45D5-B7F7-31BA8A2F388B}.Debug|iPhoneSimulator.ActiveCfg = Debug|Any CPU
		{61DFC768-70ED-45D5-B7F7-31BA8A2F388B}.Debug|iPhoneSimulator.Build.0 = Debug|Any CPU
		{61DFC768-70ED-45D5-B7F7-31BA8A2F388B}.Release|Any CPU.ActiveCfg = Release|Any CPU
		{61DFC768-70ED-45D5-B7F7-31BA8A2F388B}.Release|Any CPU.Build.0 = Release|Any CPU
		{61DFC768-70ED-45D5-B7F7-31BA8A2F388B}.Release|iPhone.ActiveCfg = Release|Any CPU
		{61DFC768-70ED-45D5-B7F7-31BA8A2F388B}.Release|iPhone.Build.0 = Release|Any CPU
		{61DFC768-70ED-45D5-B7F7-31BA8A2F388B}.Release|iPhoneSimulator.ActiveCfg = Release|Any CPU
		{61DFC768-70ED-45D5-B7F7-31BA8A2F388B}.Release|iPhoneSimulator.Build.0 = Release|Any CPU
	EndGlobalSection
	GlobalSection(SolutionProperties) = preSolution
		HideSolutionNode = FALSE
	EndGlobalSection
	GlobalSection(ExtensibilityGlobals) = postSolution
		SolutionGuid = {56BBB77B-F6B7-4302-A7E9-0249500289D1}
	EndGlobalSection
EndGlobal
