// !$*UTF8*$!
{
	archiveVersion = 1;
	classes = {
	};
	objectVersion = 50;
	objects = {

/* Begin PBXBuildFile section */
		2B7BD6E722D79223007F2EB2 /* CharacterViewController.swift in Sources */ = {isa = PBXBuildFile; fileRef = 2B7BD6E622D79223007F2EB2 /* CharacterViewController.swift */; };
		2B7BD6E922D7927A007F2EB2 /* CharacterDetailViewController.swift in Sources */ = {isa = PBXBuildFile; fileRef = 2B7BD6E822D79279007F2EB2 /* CharacterDetailViewController.swift */; };
		2BE3CF8722D60ABB003CEEE4 /* AppDelegate.swift in Sources */ = {isa = PBXBuildFile; fileRef = 2BE3CF8622D60ABB003CEEE4 /* AppDelegate.swift */; };
		2BE3CF8922D60ABB003CEEE4 /* EpisodeViewController.swift in Sources */ = {isa = PBXBuildFile; fileRef = 2BE3CF8822D60ABB003CEEE4 /* EpisodeViewController.swift */; };
		2BE3CF8C22D60ABB003CEEE4 /* Main.storyboard in Resources */ = {isa = PBXBuildFile; fileRef = 2BE3CF8A22D60ABB003CEEE4 /* Main.storyboard */; };
		2BE3CF8E22D60ABD003CEEE4 /* Assets.xcassets in Resources */ = {isa = PBXBuildFile; fileRef = 2BE3CF8D22D60ABD003CEEE4 /* Assets.xcassets */; };
		2BE3CF9122D60ABD003CEEE4 /* LaunchScreen.storyboard in Resources */ = {isa = PBXBuildFile; fileRef = 2BE3CF8F22D60ABD003CEEE4 /* LaunchScreen.storyboard */; };
		2BE3CF9C22D60ABD003CEEE4 /* RickAndMortyTests.swift in Sources */ = {isa = PBXBuildFile; fileRef = 2BE3CF9B22D60ABD003CEEE4 /* RickAndMortyTests.swift */; };
		2BE3CFAB22D60BC7003CEEE4 /* EpisodeListTableView.swift in Sources */ = {isa = PBXBuildFile; fileRef = 2BE3CFAA22D60BC7003CEEE4 /* EpisodeListTableView.swift */; };
		2BE3CFAE22D60BF4003CEEE4 /* EpisodeListTableViewCell.swift in Sources */ = {isa = PBXBuildFile; fileRef = 2BE3CFAC22D60BF4003CEEE4 /* EpisodeListTableViewCell.swift */; };
		2BE3CFAF22D60BF4003CEEE4 /* EpisodeListTableViewCell.xib in Resources */ = {isa = PBXBuildFile; fileRef = 2BE3CFAD22D60BF4003CEEE4 /* EpisodeListTableViewCell.xib */; };
		2BE3CFB222D60CC3003CEEE4 /* Constants.swift in Sources */ = {isa = PBXBuildFile; fileRef = 2BE3CFB122D60CC3003CEEE4 /* Constants.swift */; };
		2BE3CFB622D60EA9003CEEE4 /* CastListTableView.swift in Sources */ = {isa = PBXBuildFile; fileRef = 2BE3CFB522D60EA8003CEEE4 /* CastListTableView.swift */; };
		2BE3CFB922D60EC5003CEEE4 /* CastListTableViewCell.swift in Sources */ = {isa = PBXBuildFile; fileRef = 2BE3CFB722D60EC5003CEEE4 /* CastListTableViewCell.swift */; };
		2BE3CFBA22D60EC5003CEEE4 /* CastListTableViewCell.xib in Resources */ = {isa = PBXBuildFile; fileRef = 2BE3CFB822D60EC5003CEEE4 /* CastListTableViewCell.xib */; };
		2BE3CFBF22D61012003CEEE4 /* EpisodeModel.swift in Sources */ = {isa = PBXBuildFile; fileRef = 2BE3CFBE22D61012003CEEE4 /* EpisodeModel.swift */; };
		2BE3CFC222D618C1003CEEE4 /* ServiceUrl.swift in Sources */ = {isa = PBXBuildFile; fileRef = 2BE3CFC122D618C1003CEEE4 /* ServiceUrl.swift */; };
		2BE3CFC422D61951003CEEE4 /* BaseService.swift in Sources */ = {isa = PBXBuildFile; fileRef = 2BE3CFC322D61951003CEEE4 /* BaseService.swift */; };
		2BE3CFC622D62178003CEEE4 /* Utilities.swift in Sources */ = {isa = PBXBuildFile; fileRef = 2BE3CFC522D62178003CEEE4 /* Utilities.swift */; };
		2BE3CFC822D6257B003CEEE4 /* BaseAPIModel.swift in Sources */ = {isa = PBXBuildFile; fileRef = 2BE3CFC722D6257B003CEEE4 /* BaseAPIModel.swift */; };
		2BE3CFCA22D6269D003CEEE4 /* SplashScreen.storyboard in Resources */ = {isa = PBXBuildFile; fileRef = 2BE3CFC922D6269D003CEEE4 /* SplashScreen.storyboard */; };
		2BE3CFCC22D626D4003CEEE4 /* SplashScreenViewController.swift in Sources */ = {isa = PBXBuildFile; fileRef = 2BE3CFCB22D626D4003CEEE4 /* SplashScreenViewController.swift */; };
		2BE3CFCE22D62A03003CEEE4 /* SplashScreenViewModel.swift in Sources */ = {isa = PBXBuildFile; fileRef = 2BE3CFCD22D62A03003CEEE4 /* SplashScreenViewModel.swift */; };
		2BE5E63022D6629500305175 /* EpisodeListViewModel.swift in Sources */ = {isa = PBXBuildFile; fileRef = 2BE5E62F22D6629500305175 /* EpisodeListViewModel.swift */; };
		2BE5E63222D66F9C00305175 /* CharactersViewModel.swift in Sources */ = {isa = PBXBuildFile; fileRef = 2BE5E63122D66F9C00305175 /* CharactersViewModel.swift */; };
		2BE5E63422D6701100305175 /* CharacterModel.swift in Sources */ = {isa = PBXBuildFile; fileRef = 2BE5E63322D6701100305175 /* CharacterModel.swift */; };
		2BE5E63B22D6798100305175 /* CharacterHeaderViewCell.swift in Sources */ = {isa = PBXBuildFile; fileRef = 2BE5E63922D6798100305175 /* CharacterHeaderViewCell.swift */; };
		2BE5E63C22D6798100305175 /* CharacterHeaderViewCell.xib in Resources */ = {isa = PBXBuildFile; fileRef = 2BE5E63A22D6798100305175 /* CharacterHeaderViewCell.xib */; };
		F6E866F022D70AEF00982B03 /* CharacterDetailTableView.swift in Sources */ = {isa = PBXBuildFile; fileRef = F6E866EF22D70AEF00982B03 /* CharacterDetailTableView.swift */; };
		F6E866F322D70B1900982B03 /* CharacterDetailTableViewCell.swift in Sources */ = {isa = PBXBuildFile; fileRef = F6E866F122D70B1900982B03 /* CharacterDetailTableViewCell.swift */; };
		F6E866F422D70B1900982B03 /* CharacterDetailTableViewCell.xib in Resources */ = {isa = PBXBuildFile; fileRef = F6E866F222D70B1900982B03 /* CharacterDetailTableViewCell.xib */; };
/* End PBXBuildFile section */

/* Begin PBXContainerItemProxy section */
		2BE3CF9822D60ABD003CEEE4 /* PBXContainerItemProxy */ = {
			isa = PBXContainerItemProxy;
			containerPortal = 2BE3CF7B22D60ABA003CEEE4 /* Project object */;
			proxyType = 1;
			remoteGlobalIDString = 2BE3CF8222D60ABB003CEEE4;
			remoteInfo = RickAndMorty;
		};
/* End PBXContainerItemProxy section */

/* Begin PBXFileReference section */
		2B7BD6E622D79223007F2EB2 /* CharacterViewController.swift */ = {isa = PBXFileReference; fileEncoding = 4; lastKnownFileType = sourcecode.swift; path = CharacterViewController.swift; sourceTree = "<group>"; };
		2B7BD6E822D79279007F2EB2 /* CharacterDetailViewController.swift */ = {isa = PBXFileReference; fileEncoding = 4; lastKnownFileType = sourcecode.swift; path = CharacterDetailViewController.swift; sourceTree = "<group>"; };
		2BE3CF8322D60ABB003CEEE4 /* RickAndMorty.app */ = {isa = PBXFileReference; explicitFileType = wrapper.application; includeInIndex = 0; path = RickAndMorty.app; sourceTree = BUILT_PRODUCTS_DIR; };
		2BE3CF8622D60ABB003CEEE4 /* AppDelegate.swift */ = {isa = PBXFileReference; lastKnownFileType = sourcecode.swift; path = AppDelegate.swift; sourceTree = "<group>"; };
		2BE3CF8822D60ABB003CEEE4 /* EpisodeViewController.swift */ = {isa = PBXFileReference; lastKnownFileType = sourcecode.swift; path = EpisodeViewController.swift; sourceTree = "<group>"; };
		2BE3CF8B22D60ABB003CEEE4 /* Base */ = {isa = PBXFileReference; lastKnownFileType = file.storyboard; name = Base; path = Base.lproj/Main.storyboard; sourceTree = "<group>"; };
		2BE3CF8D22D60ABD003CEEE4 /* Assets.xcassets */ = {isa = PBXFileReference; lastKnownFileType = folder.assetcatalog; path = Assets.xcassets; sourceTree = "<group>"; };
		2BE3CF9022D60ABD003CEEE4 /* Base */ = {isa = PBXFileReference; lastKnownFileType = file.storyboard; name = Base; path = Base.lproj/LaunchScreen.storyboard; sourceTree = "<group>"; };
		2BE3CF9222D60ABD003CEEE4 /* Info.plist */ = {isa = PBXFileReference; lastKnownFileType = text.plist.xml; path = Info.plist; sourceTree = "<group>"; };
		2BE3CF9722D60ABD003CEEE4 /* RickAndMortyTests.xctest */ = {isa = PBXFileReference; explicitFileType = wrapper.cfbundle; includeInIndex = 0; path = RickAndMortyTests.xctest; sourceTree = BUILT_PRODUCTS_DIR; };
		2BE3CF9B22D60ABD003CEEE4 /* RickAndMortyTests.swift */ = {isa = PBXFileReference; lastKnownFileType = sourcecode.swift; path = RickAndMortyTests.swift; sourceTree = "<group>"; };
		2BE3CF9D22D60ABD003CEEE4 /* Info.plist */ = {isa = PBXFileReference; lastKnownFileType = text.plist.xml; path = Info.plist; sourceTree = "<group>"; };
		2BE3CFAA22D60BC7003CEEE4 /* EpisodeListTableView.swift */ = {isa = PBXFileReference; lastKnownFileType = sourcecode.swift; path = EpisodeListTableView.swift; sourceTree = "<group>"; };
		2BE3CFAC22D60BF4003CEEE4 /* EpisodeListTableViewCell.swift */ = {isa = PBXFileReference; lastKnownFileType = sourcecode.swift; path = EpisodeListTableViewCell.swift; sourceTree = "<group>"; };
		2BE3CFAD22D60BF4003CEEE4 /* EpisodeListTableViewCell.xib */ = {isa = PBXFileReference; lastKnownFileType = file.xib; path = EpisodeListTableViewCell.xib; sourceTree = "<group>"; };
		2BE3CFB122D60CC3003CEEE4 /* Constants.swift */ = {isa = PBXFileReference; lastKnownFileType = sourcecode.swift; path = Constants.swift; sourceTree = "<group>"; };
		2BE3CFB522D60EA8003CEEE4 /* CastListTableView.swift */ = {isa = PBXFileReference; lastKnownFileType = sourcecode.swift; path = CastListTableView.swift; sourceTree = "<group>"; };
		2BE3CFB722D60EC5003CEEE4 /* CastListTableViewCell.swift */ = {isa = PBXFileReference; lastKnownFileType = sourcecode.swift; path = CastListTableViewCell.swift; sourceTree = "<group>"; };
		2BE3CFB822D60EC5003CEEE4 /* CastListTableViewCell.xib */ = {isa = PBXFileReference; lastKnownFileType = file.xib; path = CastListTableViewCell.xib; sourceTree = "<group>"; };
		2BE3CFBE22D61012003CEEE4 /* EpisodeModel.swift */ = {isa = PBXFileReference; lastKnownFileType = sourcecode.swift; path = EpisodeModel.swift; sourceTree = "<group>"; };
		2BE3CFC122D618C1003CEEE4 /* ServiceUrl.swift */ = {isa = PBXFileReference; lastKnownFileType = sourcecode.swift; path = ServiceUrl.swift; sourceTree = "<group>"; };
		2BE3CFC322D61951003CEEE4 /* BaseService.swift */ = {isa = PBXFileReference; lastKnownFileType = sourcecode.swift; path = BaseService.swift; sourceTree = "<group>"; };
		2BE3CFC522D62178003CEEE4 /* Utilities.swift */ = {isa = PBXFileReference; lastKnownFileType = sourcecode.swift; path = Utilities.swift; sourceTree = "<group>"; };
		2BE3CFC722D6257B003CEEE4 /* BaseAPIModel.swift */ = {isa = PBXFileReference; lastKnownFileType = sourcecode.swift; path = BaseAPIModel.swift; sourceTree = "<group>"; };
		2BE3CFC922D6269D003CEEE4 /* SplashScreen.storyboard */ = {isa = PBXFileReference; lastKnownFileType = file.storyboard; path = SplashScreen.storyboard; sourceTree = "<group>"; };
		2BE3CFCB22D626D4003CEEE4 /* SplashScreenViewController.swift */ = {isa = PBXFileReference; lastKnownFileType = sourcecode.swift; path = SplashScreenViewController.swift; sourceTree = "<group>"; };
		2BE3CFCD22D62A03003CEEE4 /* SplashScreenViewModel.swift */ = {isa = PBXFileReference; lastKnownFileType = sourcecode.swift; path = SplashScreenViewModel.swift; sourceTree = "<group>"; };
		2BE5E62F22D6629500305175 /* EpisodeListViewModel.swift */ = {isa = PBXFileReference; lastKnownFileType = sourcecode.swift; path = EpisodeListViewModel.swift; sourceTree = "<group>"; };
		2BE5E63122D66F9C00305175 /* CharactersViewModel.swift */ = {isa = PBXFileReference; lastKnownFileType = sourcecode.swift; path = CharactersViewModel.swift; sourceTree = "<group>"; };
		2BE5E63322D6701100305175 /* CharacterModel.swift */ = {isa = PBXFileReference; lastKnownFileType = sourcecode.swift; path = CharacterModel.swift; sourceTree = "<group>"; };
		2BE5E63922D6798100305175 /* CharacterHeaderViewCell.swift */ = {isa = PBXFileReference; lastKnownFileType = sourcecode.swift; path = CharacterHeaderViewCell.swift; sourceTree = "<group>"; };
		2BE5E63A22D6798100305175 /* CharacterHeaderViewCell.xib */ = {isa = PBXFileReference; lastKnownFileType = file.xib; path = CharacterHeaderViewCell.xib; sourceTree = "<group>"; };
		F6E866EF22D70AEF00982B03 /* CharacterDetailTableView.swift */ = {isa = PBXFileReference; lastKnownFileType = sourcecode.swift; path = CharacterDetailTableView.swift; sourceTree = "<group>"; };
		F6E866F122D70B1900982B03 /* CharacterDetailTableViewCell.swift */ = {isa = PBXFileReference; lastKnownFileType = sourcecode.swift; path = CharacterDetailTableViewCell.swift; sourceTree = "<group>"; };
		F6E866F222D70B1900982B03 /* CharacterDetailTableViewCell.xib */ = {isa = PBXFileReference; lastKnownFileType = file.xib; path = CharacterDetailTableViewCell.xib; sourceTree = "<group>"; };
/* End PBXFileReference section */

/* Begin PBXFrameworksBuildPhase section */
		2BE3CF8022D60ABB003CEEE4 /* Frameworks */ = {
			isa = PBXFrameworksBuildPhase;
			buildActionMask = 2147483647;
			files = (
			);
			runOnlyForDeploymentPostprocessing = 0;
		};
		2BE3CF9422D60ABD003CEEE4 /* Frameworks */ = {
			isa = PBXFrameworksBuildPhase;
			buildActionMask = 2147483647;
			files = (
			);
			runOnlyForDeploymentPostprocessing = 0;
		};
/* End PBXFrameworksBuildPhase section */

/* Begin PBXGroup section */
		2BE3CF7A22D60ABA003CEEE4 = {
			isa = PBXGroup;
			children = (
				2BE3CF8522D60ABB003CEEE4 /* RickAndMorty */,
				2BE3CF9A22D60ABD003CEEE4 /* RickAndMortyTests */,
				2BE3CF8422D60ABB003CEEE4 /* Products */,
			);
			sourceTree = "<group>";
		};
		2BE3CF8422D60ABB003CEEE4 /* Products */ = {
			isa = PBXGroup;
			children = (
				2BE3CF8322D60ABB003CEEE4 /* RickAndMorty.app */,
				2BE3CF9722D60ABD003CEEE4 /* RickAndMortyTests.xctest */,
			);
			name = Products;
			sourceTree = "<group>";
		};
		2BE3CF8522D60ABB003CEEE4 /* RickAndMorty */ = {
			isa = PBXGroup;
			children = (
				2BE3CFC022D618A2003CEEE4 /* Services */,
				2BE3CFBD22D60FF9003CEEE4 /* Model */,
				2BE3CFB022D60CAE003CEEE4 /* Constants */,
				2BE3CFA922D60B27003CEEE4 /* Views */,
				2BE3CFA822D60B20003CEEE4 /* ViewModel */,
				2BE3CF8622D60ABB003CEEE4 /* AppDelegate.swift */,
				2BE3CFA722D60B15003CEEE4 /* ViewControllers */,
				2BE3CFA622D60B09003CEEE4 /* Storyboards */,
				2BE3CF8D22D60ABD003CEEE4 /* Assets.xcassets */,
				2BE3CF8F22D60ABD003CEEE4 /* LaunchScreen.storyboard */,
				2BE3CF9222D60ABD003CEEE4 /* Info.plist */,
			);
			path = RickAndMorty;
			sourceTree = "<group>";
		};
		2BE3CF9A22D60ABD003CEEE4 /* RickAndMortyTests */ = {
			isa = PBXGroup;
			children = (
				2BE3CF9B22D60ABD003CEEE4 /* RickAndMortyTests.swift */,
				2BE3CF9D22D60ABD003CEEE4 /* Info.plist */,
			);
			path = RickAndMortyTests;
			sourceTree = "<group>";
		};
		2BE3CFA622D60B09003CEEE4 /* Storyboards */ = {
			isa = PBXGroup;
			children = (
				2BE3CF8A22D60ABB003CEEE4 /* Main.storyboard */,
				2BE3CFC922D6269D003CEEE4 /* SplashScreen.storyboard */,
			);
			path = Storyboards;
			sourceTree = "<group>";
		};
		2BE3CFA722D60B15003CEEE4 /* ViewControllers */ = {
			isa = PBXGroup;
			children = (
				2BE3CFCB22D626D4003CEEE4 /* SplashScreenViewController.swift */,
				2BE3CF8822D60ABB003CEEE4 /* EpisodeViewController.swift */,
				2B7BD6E622D79223007F2EB2 /* CharacterViewController.swift */,
				2B7BD6E822D79279007F2EB2 /* CharacterDetailViewController.swift */,
			);
			path = ViewControllers;
			sourceTree = "<group>";
		};
		2BE3CFA822D60B20003CEEE4 /* ViewModel */ = {
			isa = PBXGroup;
			children = (
				2BE3CFCD22D62A03003CEEE4 /* SplashScreenViewModel.swift */,
				2BE5E62F22D6629500305175 /* EpisodeListViewModel.swift */,
				2BE5E63122D66F9C00305175 /* CharactersViewModel.swift */,
			);
			path = ViewModel;
			sourceTree = "<group>";
		};
		2BE3CFA922D60B27003CEEE4 /* Views */ = {
			isa = PBXGroup;
			children = (
				2BE3CFAA22D60BC7003CEEE4 /* EpisodeListTableView.swift */,
				2BE3CFAC22D60BF4003CEEE4 /* EpisodeListTableViewCell.swift */,
				2BE3CFAD22D60BF4003CEEE4 /* EpisodeListTableViewCell.xib */,
				2BE3CFB522D60EA8003CEEE4 /* CastListTableView.swift */,
				2BE3CFB722D60EC5003CEEE4 /* CastListTableViewCell.swift */,
				2BE3CFB822D60EC5003CEEE4 /* CastListTableViewCell.xib */,
				2BE5E63922D6798100305175 /* CharacterHeaderViewCell.swift */,
				2BE5E63A22D6798100305175 /* CharacterHeaderViewCell.xib */,
				F6E866EF22D70AEF00982B03 /* CharacterDetailTableView.swift */,
				F6E866F122D70B1900982B03 /* CharacterDetailTableViewCell.swift */,
				F6E866F222D70B1900982B03 /* CharacterDetailTableViewCell.xib */,
			);
			path = Views;
			sourceTree = "<group>";
		};
		2BE3CFB022D60CAE003CEEE4 /* Constants */ = {
			isa = PBXGroup;
			children = (
				2BE3CFB122D60CC3003CEEE4 /* Constants.swift */,
				2BE3CFC522D62178003CEEE4 /* Utilities.swift */,
			);
			path = Constants;
			sourceTree = "<group>";
		};
		2BE3CFBD22D60FF9003CEEE4 /* Model */ = {
			isa = PBXGroup;
			children = (
				2BE3CFBE22D61012003CEEE4 /* EpisodeModel.swift */,
				2BE3CFC722D6257B003CEEE4 /* BaseAPIModel.swift */,
				2BE5E63322D6701100305175 /* CharacterModel.swift */,
			);
			path = Model;
			sourceTree = "<group>";
		};
		2BE3CFC022D618A2003CEEE4 /* Services */ = {
			isa = PBXGroup;
			children = (
				2BE3CFC122D618C1003CEEE4 /* ServiceUrl.swift */,
				2BE3CFC322D61951003CEEE4 /* BaseService.swift */,
			);
			path = Services;
			sourceTree = "<group>";
		};
/* End PBXGroup section */

/* Begin PBXNativeTarget section */
		2BE3CF8222D60ABB003CEEE4 /* RickAndMorty */ = {
			isa = PBXNativeTarget;
			buildConfigurationList = 2BE3CFA022D60ABD003CEEE4 /* Build configuration list for PBXNativeTarget "RickAndMorty" */;
			buildPhases = (
				2BE3CF7F22D60ABB003CEEE4 /* Sources */,
				2BE3CF8022D60ABB003CEEE4 /* Frameworks */,
				2BE3CF8122D60ABB003CEEE4 /* Resources */,
			);
			buildRules = (
			);
			dependencies = (
			);
			name = RickAndMorty;
			productName = RickAndMorty;
			productReference = 2BE3CF8322D60ABB003CEEE4 /* RickAndMorty.app */;
			productType = "com.apple.product-type.application";
		};
		2BE3CF9622D60ABD003CEEE4 /* RickAndMortyTests */ = {
			isa = PBXNativeTarget;
			buildConfigurationList = 2BE3CFA322D60ABD003CEEE4 /* Build configuration list for PBXNativeTarget "RickAndMortyTests" */;
			buildPhases = (
				2BE3CF9322D60ABD003CEEE4 /* Sources */,
				2BE3CF9422D60ABD003CEEE4 /* Frameworks */,
				2BE3CF9522D60ABD003CEEE4 /* Resources */,
			);
			buildRules = (
			);
			dependencies = (
				2BE3CF9922D60ABD003CEEE4 /* PBXTargetDependency */,
			);
			name = RickAndMortyTests;
			productName = RickAndMortyTests;
			productReference = 2BE3CF9722D60ABD003CEEE4 /* RickAndMortyTests.xctest */;
			productType = "com.apple.product-type.bundle.unit-test";
		};
/* End PBXNativeTarget section */

/* Begin PBXProject section */
		2BE3CF7B22D60ABA003CEEE4 /* Project object */ = {
			isa = PBXProject;
			attributes = {
				LastSwiftUpdateCheck = 1020;
				LastUpgradeCheck = 1020;
				ORGANIZATIONNAME = "Kalangutkar Ankita Vinod";
				TargetAttributes = {
					2BE3CF8222D60ABB003CEEE4 = {
						CreatedOnToolsVersion = 10.2;
					};
					2BE3CF9622D60ABD003CEEE4 = {
						CreatedOnToolsVersion = 10.2;
						TestTargetID = 2BE3CF8222D60ABB003CEEE4;
					};
				};
			};
			buildConfigurationList = 2BE3CF7E22D60ABA003CEEE4 /* Build configuration list for PBXProject "RickAndMorty" */;
			compatibilityVersion = "Xcode 9.3";
			developmentRegion = en;
			hasScannedForEncodings = 0;
			knownRegions = (
				en,
				Base,
			);
			mainGroup = 2BE3CF7A22D60ABA003CEEE4;
			productRefGroup = 2BE3CF8422D60ABB003CEEE4 /* Products */;
			projectDirPath = "";
			projectRoot = "";
			targets = (
				2BE3CF8222D60ABB003CEEE4 /* RickAndMorty */,
				2BE3CF9622D60ABD003CEEE4 /* RickAndMortyTests */,
			);
		};
/* End PBXProject section */

/* Begin PBXResourcesBuildPhase section */
		2BE3CF8122D60ABB003CEEE4 /* Resources */ = {
			isa = PBXResourcesBuildPhase;
			buildActionMask = 2147483647;
			files = (
				F6E866F422D70B1900982B03 /* CharacterDetailTableViewCell.xib in Resources */,
				2BE5E63C22D6798100305175 /* CharacterHeaderViewCell.xib in Resources */,
				2BE3CF9122D60ABD003CEEE4 /* LaunchScreen.storyboard in Resources */,
				2BE3CFCA22D6269D003CEEE4 /* SplashScreen.storyboard in Resources */,
				2BE3CFAF22D60BF4003CEEE4 /* EpisodeListTableViewCell.xib in Resources */,
				2BE3CF8E22D60ABD003CEEE4 /* Assets.xcassets in Resources */,
				2BE3CFBA22D60EC5003CEEE4 /* CastListTableViewCell.xib in Resources */,
				2BE3CF8C22D60ABB003CEEE4 /* Main.storyboard in Resources */,
			);
			runOnlyForDeploymentPostprocessing = 0;
		};
		2BE3CF9522D60ABD003CEEE4 /* Resources */ = {
			isa = PBXResourcesBuildPhase;
			buildActionMask = 2147483647;
			files = (
			);
			runOnlyForDeploymentPostprocessing = 0;
		};
/* End PBXResourcesBuildPhase section */

/* Begin PBXSourcesBuildPhase section */
		2BE3CF7F22D60ABB003CEEE4 /* Sources */ = {
			isa = PBXSourcesBuildPhase;
			buildActionMask = 2147483647;
			files = (
				2BE5E63222D66F9C00305175 /* CharactersViewModel.swift in Sources */,
				2BE3CFC222D618C1003CEEE4 /* ServiceUrl.swift in Sources */,
				2BE3CFB922D60EC5003CEEE4 /* CastListTableViewCell.swift in Sources */,
				2BE3CFB222D60CC3003CEEE4 /* Constants.swift in Sources */,
				F6E866F022D70AEF00982B03 /* CharacterDetailTableView.swift in Sources */,
				2BE5E63022D6629500305175 /* EpisodeListViewModel.swift in Sources */,
				2BE5E63B22D6798100305175 /* CharacterHeaderViewCell.swift in Sources */,
				2BE5E63422D6701100305175 /* CharacterModel.swift in Sources */,
				2B7BD6E722D79223007F2EB2 /* CharacterViewController.swift in Sources */,
				2BE3CFC822D6257B003CEEE4 /* BaseAPIModel.swift in Sources */,
				2BE3CF8922D60ABB003CEEE4 /* EpisodeViewController.swift in Sources */,
				2BE3CFC622D62178003CEEE4 /* Utilities.swift in Sources */,
				2BE3CFAE22D60BF4003CEEE4 /* EpisodeListTableViewCell.swift in Sources */,
				2BE3CFB622D60EA9003CEEE4 /* CastListTableView.swift in Sources */,
				2BE3CFCC22D626D4003CEEE4 /* SplashScreenViewController.swift in Sources */,
				2BE3CF8722D60ABB003CEEE4 /* AppDelegate.swift in Sources */,
				2BE3CFAB22D60BC7003CEEE4 /* EpisodeListTableView.swift in Sources */,
				F6E866F322D70B1900982B03 /* CharacterDetailTableViewCell.swift in Sources */,
				2BE3CFC422D61951003CEEE4 /* BaseService.swift in Sources */,
				2B7BD6E922D7927A007F2EB2 /* CharacterDetailViewController.swift in Sources */,
				2BE3CFCE22D62A03003CEEE4 /* SplashScreenViewModel.swift in Sources */,
				2BE3CFBF22D61012003CEEE4 /* EpisodeModel.swift in Sources */,
			);
			runOnlyForDeploymentPostprocessing = 0;
		};
		2BE3CF9322D60ABD003CEEE4 /* Sources */ = {
			isa = PBXSourcesBuildPhase;
			buildActionMask = 2147483647;
			files = (
				2BE3CF9C22D60ABD003CEEE4 /* RickAndMortyTests.swift in Sources */,
			);
			runOnlyForDeploymentPostprocessing = 0;
		};
/* End PBXSourcesBuildPhase section */

/* Begin PBXTargetDependency section */
		2BE3CF9922D60ABD003CEEE4 /* PBXTargetDependency */ = {
			isa = PBXTargetDependency;
			target = 2BE3CF8222D60ABB003CEEE4 /* RickAndMorty */;
			targetProxy = 2BE3CF9822D60ABD003CEEE4 /* PBXContainerItemProxy */;
		};
/* End PBXTargetDependency section */

/* Begin PBXVariantGroup section */
		2BE3CF8A22D60ABB003CEEE4 /* Main.storyboard */ = {
			isa = PBXVariantGroup;
			children = (
				2BE3CF8B22D60ABB003CEEE4 /* Base */,
			);
			name = Main.storyboard;
			sourceTree = "<group>";
		};
		2BE3CF8F22D60ABD003CEEE4 /* LaunchScreen.storyboard */ = {
			isa = PBXVariantGroup;
			children = (
				2BE3CF9022D60ABD003CEEE4 /* Base */,
			);
			name = LaunchScreen.storyboard;
			sourceTree = "<group>";
		};
/* End PBXVariantGroup section */

/* Begin XCBuildConfiguration section */
		2BE3CF9E22D60ABD003CEEE4 /* Debug */ = {
			isa = XCBuildConfiguration;
			buildSettings = {
				ALWAYS_SEARCH_USER_PATHS = NO;
				CLANG_ANALYZER_NONNULL = YES;
				CLANG_ANALYZER_NUMBER_OBJECT_CONVERSION = YES_AGGRESSIVE;
				CLANG_CXX_LANGUAGE_STANDARD = "gnu++14";
				CLANG_CXX_LIBRARY = "libc++";
				CLANG_ENABLE_MODULES = YES;
				CLANG_ENABLE_OBJC_ARC = YES;
				CLANG_ENABLE_OBJC_WEAK = YES;
				CLANG_WARN_BLOCK_CAPTURE_AUTORELEASING = YES;
				CLANG_WARN_BOOL_CONVERSION = YES;
				CLANG_WARN_COMMA = YES;
				CLANG_WARN_CONSTANT_CONVERSION = YES;
				CLANG_WARN_DEPRECATED_OBJC_IMPLEMENTATIONS = YES;
				CLANG_WARN_DIRECT_OBJC_ISA_USAGE = YES_ERROR;
				CLANG_WARN_DOCUMENTATION_COMMENTS = YES;
				CLANG_WARN_EMPTY_BODY = YES;
				CLANG_WARN_ENUM_CONVERSION = YES;
				CLANG_WARN_INFINITE_RECURSION = YES;
				CLANG_WARN_INT_CONVERSION = YES;
				CLANG_WARN_NON_LITERAL_NULL_CONVERSION = YES;
				CLANG_WARN_OBJC_IMPLICIT_RETAIN_SELF = YES;
				CLANG_WARN_OBJC_LITERAL_CONVERSION = YES;
				CLANG_WARN_OBJC_ROOT_CLASS = YES_ERROR;
				CLANG_WARN_RANGE_LOOP_ANALYSIS = YES;
				CLANG_WARN_STRICT_PROTOTYPES = YES;
				CLANG_WARN_SUSPICIOUS_MOVE = YES;
				CLANG_WARN_UNGUARDED_AVAILABILITY = YES_AGGRESSIVE;
				CLANG_WARN_UNREACHABLE_CODE = YES;
				CLANG_WARN__DUPLICATE_METHOD_MATCH = YES;
				CODE_SIGN_IDENTITY = "iPhone Developer";
				COPY_PHASE_STRIP = NO;
				DEBUG_INFORMATION_FORMAT = dwarf;
				ENABLE_STRICT_OBJC_MSGSEND = YES;
				ENABLE_TESTABILITY = YES;
				GCC_C_LANGUAGE_STANDARD = gnu11;
				GCC_DYNAMIC_NO_PIC = NO;
				GCC_NO_COMMON_BLOCKS = YES;
				GCC_OPTIMIZATION_LEVEL = 0;
				GCC_PREPROCESSOR_DEFINITIONS = (
					"DEBUG=1",
					"$(inherited)",
				);
				GCC_WARN_64_TO_32_BIT_CONVERSION = YES;
				GCC_WARN_ABOUT_RETURN_TYPE = YES_ERROR;
				GCC_WARN_UNDECLARED_SELECTOR = YES;
				GCC_WARN_UNINITIALIZED_AUTOS = YES_AGGRESSIVE;
				GCC_WARN_UNUSED_FUNCTION = YES;
				GCC_WARN_UNUSED_VARIABLE = YES;
				IPHONEOS_DEPLOYMENT_TARGET = 12.2;
				MTL_ENABLE_DEBUG_INFO = INCLUDE_SOURCE;
				MTL_FAST_MATH = YES;
				ONLY_ACTIVE_ARCH = YES;
				SDKROOT = iphoneos;
				SWIFT_ACTIVE_COMPILATION_CONDITIONS = DEBUG;
				SWIFT_OPTIMIZATION_LEVEL = "-Onone";
			};
			name = Debug;
		};
		2BE3CF9F22D60ABD003CEEE4 /* Release */ = {
			isa = XCBuildConfiguration;
			buildSettings = {
				ALWAYS_SEARCH_USER_PATHS = NO;
				CLANG_ANALYZER_NONNULL = YES;
				CLANG_ANALYZER_NUMBER_OBJECT_CONVERSION = YES_AGGRESSIVE;
				CLANG_CXX_LANGUAGE_STANDARD = "gnu++14";
				CLANG_CXX_LIBRARY = "libc++";
				CLANG_ENABLE_MODULES = YES;
				CLANG_ENABLE_OBJC_ARC = YES;
				CLANG_ENABLE_OBJC_WEAK = YES;
				CLANG_WARN_BLOCK_CAPTURE_AUTORELEASING = YES;
				CLANG_WARN_BOOL_CONVERSION = YES;
				CLANG_WARN_COMMA = YES;
				CLANG_WARN_CONSTANT_CONVERSION = YES;
				CLANG_WARN_DEPRECATED_OBJC_IMPLEMENTATIONS = YES;
				CLANG_WARN_DIRECT_OBJC_ISA_USAGE = YES_ERROR;
				CLANG_WARN_DOCUMENTATION_COMMENTS = YES;
				CLANG_WARN_EMPTY_BODY = YES;
				CLANG_WARN_ENUM_CONVERSION = YES;
				CLANG_WARN_INFINITE_RECURSION = YES;
				CLANG_WARN_INT_CONVERSION = YES;
				CLANG_WARN_NON_LITERAL_NULL_CONVERSION = YES;
				CLANG_WARN_OBJC_IMPLICIT_RETAIN_SELF = YES;
				CLANG_WARN_OBJC_LITERAL_CONVERSION = YES;
				CLANG_WARN_OBJC_ROOT_CLASS = YES_ERROR;
				CLANG_WARN_RANGE_LOOP_ANALYSIS = YES;
				CLANG_WARN_STRICT_PROTOTYPES = YES;
				CLANG_WARN_SUSPICIOUS_MOVE = YES;
				CLANG_WARN_UNGUARDED_AVAILABILITY = YES_AGGRESSIVE;
				CLANG_WARN_UNREACHABLE_CODE = YES;
				CLANG_WARN__DUPLICATE_METHOD_MATCH = YES;
				CODE_SIGN_IDENTITY = "iPhone Developer";
				COPY_PHASE_STRIP = NO;
				DEBUG_INFORMATION_FORMAT = "dwarf-with-dsym";
				ENABLE_NS_ASSERTIONS = NO;
				ENABLE_STRICT_OBJC_MSGSEND = YES;
				GCC_C_LANGUAGE_STANDARD = gnu11;
				GCC_NO_COMMON_BLOCKS = YES;
				GCC_WARN_64_TO_32_BIT_CONVERSION = YES;
				GCC_WARN_ABOUT_RETURN_TYPE = YES_ERROR;
				GCC_WARN_UNDECLARED_SELECTOR = YES;
				GCC_WARN_UNINITIALIZED_AUTOS = YES_AGGRESSIVE;
				GCC_WARN_UNUSED_FUNCTION = YES;
				GCC_WARN_UNUSED_VARIABLE = YES;
				IPHONEOS_DEPLOYMENT_TARGET = 12.2;
				MTL_ENABLE_DEBUG_INFO = NO;
				MTL_FAST_MATH = YES;
				SDKROOT = iphoneos;
				SWIFT_COMPILATION_MODE = wholemodule;
				SWIFT_OPTIMIZATION_LEVEL = "-O";
				VALIDATE_PRODUCT = YES;
			};
			name = Release;
		};
		2BE3CFA122D60ABD003CEEE4 /* Debug */ = {
			isa = XCBuildConfiguration;
			buildSettings = {
				ASSETCATALOG_COMPILER_APPICON_NAME = AppIcon;
				CODE_SIGN_STYLE = Automatic;
				INFOPLIST_FILE = RickAndMorty/Info.plist;
				LD_RUNPATH_SEARCH_PATHS = (
					"$(inherited)",
					"@executable_path/Frameworks",
				);
				PRODUCT_BUNDLE_IDENTIFIER = com.ankita.RickAndMorty;
				PRODUCT_NAME = "$(TARGET_NAME)";
				SWIFT_VERSION = 5.0;
				TARGETED_DEVICE_FAMILY = "1,2";
			};
			name = Debug;
		};
		2BE3CFA222D60ABD003CEEE4 /* Release */ = {
			isa = XCBuildConfiguration;
			buildSettings = {
				ASSETCATALOG_COMPILER_APPICON_NAME = AppIcon;
				CODE_SIGN_STYLE = Automatic;
				INFOPLIST_FILE = RickAndMorty/Info.plist;
				LD_RUNPATH_SEARCH_PATHS = (
					"$(inherited)",
					"@executable_path/Frameworks",
				);
				PRODUCT_BUNDLE_IDENTIFIER = com.ankita.RickAndMorty;
				PRODUCT_NAME = "$(TARGET_NAME)";
				SWIFT_VERSION = 5.0;
				TARGETED_DEVICE_FAMILY = "1,2";
			};
			name = Release;
		};
		2BE3CFA422D60ABD003CEEE4 /* Debug */ = {
			isa = XCBuildConfiguration;
			buildSettings = {
				ALWAYS_EMBED_SWIFT_STANDARD_LIBRARIES = YES;
				BUNDLE_LOADER = "$(TEST_HOST)";
				CODE_SIGN_STYLE = Automatic;
				INFOPLIST_FILE = RickAndMortyTests/Info.plist;
				LD_RUNPATH_SEARCH_PATHS = (
					"$(inherited)",
					"@executable_path/Frameworks",
					"@loader_path/Frameworks",
				);
				PRODUCT_BUNDLE_IDENTIFIER = com.ankita.RickAndMortyTests;
				PRODUCT_NAME = "$(TARGET_NAME)";
				SWIFT_VERSION = 5.0;
				TARGETED_DEVICE_FAMILY = "1,2";
				TEST_HOST = "$(BUILT_PRODUCTS_DIR)/RickAndMorty.app/RickAndMorty";
			};
			name = Debug;
		};
		2BE3CFA522D60ABD003CEEE4 /* Release */ = {
			isa = XCBuildConfiguration;
			buildSettings = {
				ALWAYS_EMBED_SWIFT_STANDARD_LIBRARIES = YES;
				BUNDLE_LOADER = "$(TEST_HOST)";
				CODE_SIGN_STYLE = Automatic;
				INFOPLIST_FILE = RickAndMortyTests/Info.plist;
				LD_RUNPATH_SEARCH_PATHS = (
					"$(inherited)",
					"@executable_path/Frameworks",
					"@loader_path/Frameworks",
				);
				PRODUCT_BUNDLE_IDENTIFIER = com.ankita.RickAndMortyTests;
				PRODUCT_NAME = "$(TARGET_NAME)";
				SWIFT_VERSION = 5.0;
				TARGETED_DEVICE_FAMILY = "1,2";
				TEST_HOST = "$(BUILT_PRODUCTS_DIR)/RickAndMorty.app/RickAndMorty";
			};
			name = Release;
		};
/* End XCBuildConfiguration section */

/* Begin XCConfigurationList section */
		2BE3CF7E22D60ABA003CEEE4 /* Build configuration list for PBXProject "RickAndMorty" */ = {
			isa = XCConfigurationList;
			buildConfigurations = (
				2BE3CF9E22D60ABD003CEEE4 /* Debug */,
				2BE3CF9F22D60ABD003CEEE4 /* Release */,
			);
			defaultConfigurationIsVisible = 0;
			defaultConfigurationName = Release;
		};
		2BE3CFA022D60ABD003CEEE4 /* Build configuration list for PBXNativeTarget "RickAndMorty" */ = {
			isa = XCConfigurationList;
			buildConfigurations = (
				2BE3CFA122D60ABD003CEEE4 /* Debug */,
				2BE3CFA222D60ABD003CEEE4 /* Release */,
			);
			defaultConfigurationIsVisible = 0;
			defaultConfigurationName = Release;
		};
		2BE3CFA322D60ABD003CEEE4 /* Build configuration list for PBXNativeTarget "RickAndMortyTests" */ = {
			isa = XCConfigurationList;
			buildConfigurations = (
				2BE3CFA422D60ABD003CEEE4 /* Debug */,
				2BE3CFA522D60ABD003CEEE4 /* Release */,
			);
			defaultConfigurationIsVisible = 0;
			defaultConfigurationName = Release;
		};
/* End XCConfigurationList section */
	};
	rootObject = 2BE3CF7B22D60ABA003CEEE4 /* Project object */;
}
